
Microsoft Visual Studio Solution File, Format Version 12.00
# Visual Studio 14
VisualStudioVersion = 14.0.24720.0
MinimumVisualStudioVersion = 10.0.40219.1
Project("{FAE04EC0-301F-11D3-BF4B-00C04F79EFBC}") = "ex_6_5_nested_for_if_else", "ex_6_5_nested_for_if_else\ex_6_5_nested_for_if_else.csproj", "{98CA123F-7453-4404-BE0C-A9D12F0AA872}"
EndProject
Global
	GlobalSection(SolutionConfigurationPlatforms) = preSolution
		Debug|Any CPU = Debug|Any CPU
		Release|Any CPU = Release|Any CPU
	EndGlobalSection
	GlobalSection(ProjectConfigurationPlatforms) = postSolution
		{98CA123F-7453-4404-BE0C-A9D12F0AA872}.Debug|Any CPU.ActiveCfg = Debug|Any CPU
		{98CA123F-7453-4404-BE0C-A9D12F0AA872}.Debug|Any CPU.Build.0 = Debug|Any CPU
		{98CA123F-7453-4404-BE0C-A9D12F0AA872}.Release|Any CPU.ActiveCfg = Release|Any CPU
		{98CA123F-7453-4404-BE0C-A9D12F0AA872}.Release|Any CPU.Build.0 = Release|Any CPU
	EndGlobalSection
	GlobalSection(SolutionProperties) = preSolution
		HideSolutionNode = FALSE
	EndGlobalSection
EndGlobal
